// !$*UTF8*$!
{
	archiveVersion = 1;
	classes = {
	};
	objectVersion = 77;
	objects = {

/* Begin PBXBuildFile section */
		00E0C09A9EC5BB90CFC3D190 /* us-place-search-index.json in Resources */ = {isa = PBXBuildFile; fileRef = CCBDDC80937AD8B575CF7310 /* us-place-search-index.json */; };
		03F216D8C3DAE6FA66919C7B /* AppConfiguration.swift in Sources */ = {isa = PBXBuildFile; fileRef = 4CA868B29C1557F53BFE9D43 /* AppConfiguration.swift */; };
		065436C2D4CF3E5FB0187603 /* VisitDataDocument.swift in Sources */ = {isa = PBXBuildFile; fileRef = 9F7432E1D1B0C7F76039CE60 /* VisitDataDocument.swift */; };
		0B5C55E83D270EA4FC83CFD2 /* us-map.json in Resources */ = {isa = PBXBuildFile; fileRef = 741D5F29B425AF05B12FA5B9 /* us-map.json */; };
		0F6CC944D18A7B76FC6BB958 /* kr-subdivisions.json in Resources */ = {isa = PBXBuildFile; fileRef = 17564F03267C2614F0BCA353 /* kr-subdivisions.json */; };
		0FC5ED1CE69068FE87037E71 /* AdMobConsentManager.swift in Sources */ = {isa = PBXBuildFile; fileRef = 5CAF8C6A125BC646003B0DD4 /* AdMobConsentManager.swift */; };
		12BF4945C7F025D171E8D1DC /* JapanDetailView.swift in Sources */ = {isa = PBXBuildFile; fileRef = 2E8311FC617211F299BD9822 /* JapanDetailView.swift */; };
		1926D907B25997FF0FE95DAB /* AdMobConfiguration.swift in Sources */ = {isa = PBXBuildFile; fileRef = 4781546413B603F3BE7DC60A /* AdMobConfiguration.swift */; };
		1998A33F643F146FEE9A2622 /* sg-planning-areas.json in Resources */ = {isa = PBXBuildFile; fileRef = 0BCB5961E7719E0F058EA73F /* sg-planning-areas.json */; };
		19C7D369BE7AEB0269B242BD /* BannerAdContainer.swift in Sources */ = {isa = PBXBuildFile; fileRef = 3CDF920807669CE9C01A7BB0 /* BannerAdContainer.swift */; };
		1B2E67C9419E65EEE31BD62B /* tr-subdivisions.json in Resources */ = {isa = PBXBuildFile; fileRef = 279620BDCC1CCE269F8B97EF /* tr-subdivisions.json */; };
		1F686C743A52C07FF4B493F6 /* HomeView.swift in Sources */ = {isa = PBXBuildFile; fileRef = 4B62B4DA711226F149795E36 /* HomeView.swift */; };
		2253DA1851D8E8DC34B4B505 /* sg-place-search-index.json in Resources */ = {isa = PBXBuildFile; fileRef = 8FD7F40B367A088C111AA3E3 /* sg-place-search-index.json */; };
		2B6A5C524AC60A4927543B66 /* es-subdivisions.json in Resources */ = {isa = PBXBuildFile; fileRef = CC2DB817C950F061BAE7A3D1 /* es-subdivisions.json */; };
		2BBA5A9BA0446A86A6AC765E /* be-subdivisions.json in Resources */ = {isa = PBXBuildFile; fileRef = D6CAC62C03A972AB99E59240 /* be-subdivisions.json */; };
		2C44FF20E6D4ED021C557D8C /* RootView.swift in Sources */ = {isa = PBXBuildFile; fileRef = 1FAE63DD192DB49310C45B5E /* RootView.swift */; };
		2DBB3C7D89D861228E16A65C /* FranceMapScreen.swift in Sources */ = {isa = PBXBuildFile; fileRef = EEF05AA7C7839AE5D18E6F34 /* FranceMapScreen.swift */; };
		2F0DFDE058D58746AA2312C8 /* Prefecture.swift in Sources */ = {isa = PBXBuildFile; fileRef = D53B993D75FE982A8E737A9D /* Prefecture.swift */; };
		3365FF2E48DBF5C690AA378E /* PurchaseManager.swift in Sources */ = {isa = PBXBuildFile; fileRef = A01FF43388363773DBF4E2A1 /* PurchaseManager.swift */; };
		33D50579A9AAC1515ADB75A0 /* ContactSupportView.swift in Sources */ = {isa = PBXBuildFile; fileRef = D755BC07691D7AB758EECCDE /* ContactSupportView.swift */; };
		3B1063F5AB294789B9A3437B /* world-map.json in Resources */ = {isa = PBXBuildFile; fileRef = 520C0FB967AE13AAAE8DFBC5 /* world-map.json */; };
		3C1B050D42480CA831161B68 /* us-source-regions.json in Resources */ = {isa = PBXBuildFile; fileRef = 500413565FA4B9B4892BEB39 /* us-source-regions.json */; };
		3C33FDB4B479C3F6965227FE /* FranceDepartment.swift in Sources */ = {isa = PBXBuildFile; fileRef = AD1CCBC618EFFB8D24258971 /* FranceDepartment.swift */; };
		3DB51DB99523E8B014C14FC3 /* my-subdivisions.json in Resources */ = {isa = PBXBuildFile; fileRef = DB0B37140D85DCD2FC6DC090 /* my-subdivisions.json */; };
		4005AF0C0EE72F1D50B2D868 /* kr-map.json in Resources */ = {isa = PBXBuildFile; fileRef = 0365D5D25DF7BD96E8FC313B /* kr-map.json */; };
		422A7B5193CEFAD1E488B692 /* BannerAdView.swift in Sources */ = {isa = PBXBuildFile; fileRef = 555EAC31C80323B10AA6856B /* BannerAdView.swift */; };
		439670840BEA5963AB804117 /* ColorviaApp.swift in Sources */ = {isa = PBXBuildFile; fileRef = 9CEEE051D57ED64054C2E3FD /* ColorviaApp.swift */; };
		44D90F32D84B9104EB974EC7 /* OnboardingView.swift in Sources */ = {isa = PBXBuildFile; fileRef = 439D34D0EA0B7D278BFA0073 /* OnboardingView.swift */; };
		47285FC06CBDAD3469AC23B9 /* SupportAPIClient.swift in Sources */ = {isa = PBXBuildFile; fileRef = F5B9798EDA56165F498E090F /* SupportAPIClient.swift */; };
		47CB5430C115CC15A647DC3C /* WorldMapStore.swift in Sources */ = {isa = PBXBuildFile; fileRef = DA63DB3C3DBCE86665B054CD /* WorldMapStore.swift */; };
		47DF61942BF18441C3FBEEE5 /* FileVisitStateRepository.swift in Sources */ = {isa = PBXBuildFile; fileRef = A73CFE93E0B2158A4FF2BD1E /* FileVisitStateRepository.swift */; };
		5903E5F8BC59AF93449426C5 /* L10n.swift in Sources */ = {isa = PBXBuildFile; fileRef = 1F07E87D5E4AB5178114D283 /* L10n.swift */; };
		5A08402A5DF3E925628C0019 /* CountryPickerView.swift in Sources */ = {isa = PBXBuildFile; fileRef = 860D0D68DBF538BC1C34B550 /* CountryPickerView.swift */; };
		5AE911E2D9607239FE8C8739 /* france-map.json in Resources */ = {isa = PBXBuildFile; fileRef = E5C3A8AE91C7619DF148C066 /* france-map.json */; };
		608D0BC7BE3BECA5124DDC81 /* FranceShareSheet.swift in Sources */ = {isa = PBXBuildFile; fileRef = C4C477227371CFC5DEDC45E8 /* FranceShareSheet.swift */; };
		62D276D830C799D14351FA3F /* JapanMapStore.swift in Sources */ = {isa = PBXBuildFile; fileRef = 5454AD3F0F5E8CB7D9B9EE22 /* JapanMapStore.swift */; };
		63B104417F2484D708AF3F1F /* eg-subdivisions.json in Resources */ = {isa = PBXBuildFile; fileRef = B2567681BD8FCA5493972105 /* eg-subdivisions.json */; };
		65F92FB9CA5946EADE21A0F5 /* FranceDetailView.swift in Sources */ = {isa = PBXBuildFile; fileRef = 5E7E4F02CE07B45EE2CC339B /* FranceDetailView.swift */; };
		6A5B4D7B9985FB605F2A7A20 /* my-map.json in Resources */ = {isa = PBXBuildFile; fileRef = 60B184E9D06FEA19CED0FE57 /* my-map.json */; };
		6AA1E4D692A3FAA30A9D24C9 /* SubdivisionCountryDetailView.swift in Sources */ = {isa = PBXBuildFile; fileRef = B052C3928ACEFF96EA85D0B0 /* SubdivisionCountryDetailView.swift */; };
		6C29DED453844ED577804EA6 /* tr-map.json in Resources */ = {isa = PBXBuildFile; fileRef = 4081222B198E30AB7ED3244A /* tr-map.json */; };
		6C824B80871F3258D7F872DA /* france-place-search-index.json in Resources */ = {isa = PBXBuildFile; fileRef = 132A0FCA55489532D9E621EE /* france-place-search-index.json */; };
		6E621D91AF54F8C6B960E314 /* AdEntitlementStore.swift in Sources */ = {isa = PBXBuildFile; fileRef = 04B0BB7A2FA573E939A43F5F /* AdEntitlementStore.swift */; };
		72796FBB384215C46A9D2274 /* CountryDetailView.swift in Sources */ = {isa = PBXBuildFile; fileRef = 59E49DA7D76F9323C3660D1F /* CountryDetailView.swift */; };
		785D6D7FFECE44A08234AA66 /* kr-place-search-index.json in Resources */ = {isa = PBXBuildFile; fileRef = 7E5CB462AC0E7937E73A4087 /* kr-place-search-index.json */; };
		78D9706EE3882E6D3BE83AB1 /* es-map.json in Resources */ = {isa = PBXBuildFile; fileRef = 957D45F9AF37DDF78AA0E620 /* es-map.json */; };
		79FB99856254C94F3C9B7185 /* my-place-search-index.json in Resources */ = {isa = PBXBuildFile; fileRef = D177DCBED58403440FED28FE /* my-place-search-index.json */; };
		82967AD29DC9D63D9E1AD7E7 /* japan-map.json in Resources */ = {isa = PBXBuildFile; fileRef = 994046E137431869FA45F1BB /* japan-map.json */; };
		868FC94D7119122C64B18890 /* eg-place-search-index.json in Resources */ = {isa = PBXBuildFile; fileRef = 0B9D34C5AAE06EB903847DCE /* eg-place-search-index.json */; };
		889ED512F161ABFEE8429007 /* AppRoute.swift in Sources */ = {isa = PBXBuildFile; fileRef = E4BE1AA59C3E2E148B13FC6C /* AppRoute.swift */; };
		8C1BCF8EA43B393972FF1427 /* us-subdivisions.json in Resources */ = {isa = PBXBuildFile; fileRef = 6FB90EC83715387311C03A54 /* us-subdivisions.json */; };
		944F69693C6E135D4205B1B9 /* PlaceSearch.swift in Sources */ = {isa = PBXBuildFile; fileRef = A9A117E1C8E09450D9A13433 /* PlaceSearch.swift */; };
		9B327DF229BC538035AA79CE /* eg-map.json in Resources */ = {isa = PBXBuildFile; fileRef = F54C021D2B00D6C5A1144E22 /* eg-map.json */; };
		A20716DCCEABC4F9C02980C1 /* StatisticsView.swift in Sources */ = {isa = PBXBuildFile; fileRef = 088F978FCCC3EF778E0248E1 /* StatisticsView.swift */; };
		A283CDCCA1EB392ECD7F595D /* GoogleMobileAds in Frameworks */ = {isa = PBXBuildFile; productRef = 652090FE541F80BFDD1E0FB8 /* GoogleMobileAds */; };
		A4E4B39A5E61ABE526DCEE1A /* th-place-search-index.json in Resources */ = {isa = PBXBuildFile; fileRef = F85DE257DCAF3989820B19A4 /* th-place-search-index.json */; };
		A5ADC63ADDE72D2C13CEF1DA /* SettingsView.swift in Sources */ = {isa = PBXBuildFile; fileRef = 3CF150C708A695D206CD1AB9 /* SettingsView.swift */; };
		A702E1D865B0AA1730D683A5 /* japan-place-search-index.json in Resources */ = {isa = PBXBuildFile; fileRef = 3A41FFF4CDE5D569C838292C /* japan-place-search-index.json */; };
		A7BA67FD16684523F4377BA6 /* AppUpdatesView.swift in Sources */ = {isa = PBXBuildFile; fileRef = 4227A85A65D84598BC0B108D /* AppUpdatesView.swift */; };
		AA135A527108673EB7EB4D72 /* PrivacyInfo.xcprivacy in Resources */ = {isa = PBXBuildFile; fileRef = AAC4B26D76933C9E6296C198 /* PrivacyInfo.xcprivacy */; };
		ABA6531F58064270E4257E6F /* france-departments.json in Resources */ = {isa = PBXBuildFile; fileRef = 3CFCDACF240E1F4A1FF5B43E /* france-departments.json */; };
		ABDBD70EFC964EA0D71FAE9C /* be-place-search-index.json in Resources */ = {isa = PBXBuildFile; fileRef = 31C27495BF28523539D33FEA /* be-place-search-index.json */; };
		AD996EB957EA05F2CF6ECE37 /* AppStoreScreenshotTests.swift in Sources */ = {isa = PBXBuildFile; fileRef = DD9DBFFC701F20E1917A2053 /* AppStoreScreenshotTests.swift */; };
		AE1AFF988FAA2477F5B91203 /* SubdivisionMapScreen.swift in Sources */ = {isa = PBXBuildFile; fileRef = 38BDBFCFC63E053860D1472A /* SubdivisionMapScreen.swift */; };
		B00B77DCE07C715B8AA88A28 /* CountrySubdivision.swift in Sources */ = {isa = PBXBuildFile; fileRef = D97569D652F710198CBB7047 /* CountrySubdivision.swift */; };
		B4D96BAD6715EFD4292A770C /* AppStateTests.swift in Sources */ = {isa = PBXBuildFile; fileRef = 92C521C79E2753A0A22EC61A /* AppStateTests.swift */; };
		B8CABB666298D49AC52FBCAF /* WorldMapView.swift in Sources */ = {isa = PBXBuildFile; fileRef = 51547EE1483B3222565E21C9 /* WorldMapView.swift */; };
		B915BBCACDDE7B2D2A4C4AF6 /* Localizable.xcstrings in Resources */ = {isa = PBXBuildFile; fileRef = 8285A0001343A486C18A5684 /* Localizable.xcstrings */; };
		BBC3F5D0CC13CAC80A0E8388 /* LegalDocumentContent.swift in Sources */ = {isa = PBXBuildFile; fileRef = 068EC9263A85E83278E9427F /* LegalDocumentContent.swift */; };
		BC3CD912B025983AF9C21A8C /* th-map.json in Resources */ = {isa = PBXBuildFile; fileRef = DF641294B6B841D569BC7C8C /* th-map.json */; };
		BCA1BB955671E535993C7501 /* th-subdivisions.json in Resources */ = {isa = PBXBuildFile; fileRef = F0E0F586F476D73800097440 /* th-subdivisions.json */; };
		C23C6550AFF97FF5BC3A5443 /* AppState.swift in Sources */ = {isa = PBXBuildFile; fileRef = 25B0A607ED04D3FED250D616 /* AppState.swift */; };
		C350A745A140F98A6C496E96 /* sg-map.json in Resources */ = {isa = PBXBuildFile; fileRef = 3875E4FAE474E54CD330151C /* sg-map.json */; };
		C47E5C58AAB415459B07284B /* SubdivisionShareSheet.swift in Sources */ = {isa = PBXBuildFile; fileRef = B7197F600ED1B069ADCC17D8 /* SubdivisionShareSheet.swift */; };
		C9B8772C926FAC3985ED0710 /* SubdivisionListView.swift in Sources */ = {isa = PBXBuildFile; fileRef = B09303E4CFE941F03903F84D /* SubdivisionListView.swift */; };
		CEDD8179EEF2CD96199C0A8E /* JapanMapView.swift in Sources */ = {isa = PBXBuildFile; fileRef = 7C0657E346137DAB2461126A /* JapanMapView.swift */; };
		D24326D76E24A2683A1B005B /* sg-subdivisions.json in Resources */ = {isa = PBXBuildFile; fileRef = D630418794DFB4EB9FD2FDB2 /* sg-subdivisions.json */; };
		D3A1B9ADC5BDB33393543E93 /* es-place-search-index.json in Resources */ = {isa = PBXBuildFile; fileRef = D3704B8FF1F5A494D674E7D8 /* es-place-search-index.json */; };
		D3E49ACB5F075EE01B1A4981 /* sg-source-regions.json in Resources */ = {isa = PBXBuildFile; fileRef = 8B134B695689E7944C718856 /* sg-source-regions.json */; };
		D7380314D326A515C568C551 /* be-source-regions.json in Resources */ = {isa = PBXBuildFile; fileRef = B384CB2A4F45954D6B8BD850 /* be-source-regions.json */; };
		D8D14FF3F660F698C5DA97CA /* ColorviaTheme.swift in Sources */ = {isa = PBXBuildFile; fileRef = 16EDFC8A379A0752FBA434E7 /* ColorviaTheme.swift */; };
		E02005221174C16D30924532 /* my-source-regions.json in Resources */ = {isa = PBXBuildFile; fileRef = 0C9FB37CFB9A0B22A8B8DE18 /* my-source-regions.json */; };
		E0C9E98C963930FAA408A5E4 /* Assets.xcassets in Resources */ = {isa = PBXBuildFile; fileRef = 861527F7663B05711A617077 /* Assets.xcassets */; };
		E1A16FF6CEFF6950717CA547 /* PrefectureListView.swift in Sources */ = {isa = PBXBuildFile; fileRef = 8A0567673CE31008D3B179D8 /* PrefectureListView.swift */; };
		E6F9EC4207DF7B532549EFF1 /* InfoPlist.xcstrings in Resources */ = {isa = PBXBuildFile; fileRef = F321FB549489633C36E1696E /* InfoPlist.xcstrings */; };
		EC420C5F26223C342B332BDB /* prefectures.json in Resources */ = {isa = PBXBuildFile; fileRef = 7409206E2ED969BC382279D2 /* prefectures.json */; };
		EE538A79A0EC88793B5F8397 /* LegalDocumentView.swift in Sources */ = {isa = PBXBuildFile; fileRef = A2CE52F38EFB09EDF7645224 /* LegalDocumentView.swift */; };
		F026C5E0EA0E394C5F4F7D82 /* countries.json in Resources */ = {isa = PBXBuildFile; fileRef = 0BC09B273BF476F90E5E7241 /* countries.json */; };
		F34D1DFF27AE6FA0B0BB1663 /* FranceDepartmentListView.swift in Sources */ = {isa = PBXBuildFile; fileRef = 7814D2D45592ABCAA4A8E21B /* FranceDepartmentListView.swift */; };
		F469535ABD213BA8DFD40884 /* Country.swift in Sources */ = {isa = PBXBuildFile; fileRef = 9A0FA03D4355BD1F490FE3B4 /* Country.swift */; };
		F7A2AFDA6E7D7F838AFD31F0 /* tr-place-search-index.json in Resources */ = {isa = PBXBuildFile; fileRef = 685509F4D226B24460F481BF /* tr-place-search-index.json */; };
		FB1F0825501BE7980F4DA6AC /* be-map.json in Resources */ = {isa = PBXBuildFile; fileRef = C7ACA4BBE7C7C19A6903B4DB /* be-map.json */; };
		FF35AFC3E2E225E336580624 /* JapanMapScreen.swift in Sources */ = {isa = PBXBuildFile; fileRef = 69970AEDFD350CCBC2F95CC5 /* JapanMapScreen.swift */; };
/* End PBXBuildFile section */

/* Begin PBXContainerItemProxy section */
		0131876C3516FE71382DC12D /* PBXContainerItemProxy */ = {
			isa = PBXContainerItemProxy;
			containerPortal = 432F661559AFFE726C767D24 /* Project object */;
			proxyType = 1;
			remoteGlobalIDString = 7E79EDC6BEB77A6B93C94113;
			remoteInfo = Colorvia;
		};
		EB468906DEC9C9E83EDA5360 /* PBXContainerItemProxy */ = {
			isa = PBXContainerItemProxy;
			containerPortal = 432F661559AFFE726C767D24 /* Project object */;
			proxyType = 1;
			remoteGlobalIDString = 7E79EDC6BEB77A6B93C94113;
			remoteInfo = Colorvia;
		};
/* End PBXContainerItemProxy section */

/* Begin PBXFileReference section */
		0365D5D25DF7BD96E8FC313B /* kr-map.json */ = {isa = PBXFileReference; lastKnownFileType = text.json; path = "kr-map.json"; sourceTree = "<group>"; };
		04B0BB7A2FA573E939A43F5F /* AdEntitlementStore.swift */ = {isa = PBXFileReference; lastKnownFileType = sourcecode.swift; path = AdEntitlementStore.swift; sourceTree = "<group>"; };
		063DCF90BE28079DC8068201 /* Colorvia.app */ = {isa = PBXFileReference; includeInIndex = 0; lastKnownFileType = wrapper.application; path = Colorvia.app; sourceTree = BUILT_PRODUCTS_DIR; };
		068EC9263A85E83278E9427F /* LegalDocumentContent.swift */ = {isa = PBXFileReference; lastKnownFileType = sourcecode.swift; path = LegalDocumentContent.swift; sourceTree = "<group>"; };
		088F978FCCC3EF778E0248E1 /* StatisticsView.swift */ = {isa = PBXFileReference; lastKnownFileType = sourcecode.swift; path = StatisticsView.swift; sourceTree = "<group>"; };
		0B9D34C5AAE06EB903847DCE /* eg-place-search-index.json */ = {isa = PBXFileReference; lastKnownFileType = text.json; path = "eg-place-search-index.json"; sourceTree = "<group>"; };
		0BC09B273BF476F90E5E7241 /* countries.json */ = {isa = PBXFileReference; lastKnownFileType = text.json; path = countries.json; sourceTree = "<group>"; };
		0BCB5961E7719E0F058EA73F /* sg-planning-areas.json */ = {isa = PBXFileReference; lastKnownFileType = text.json; path = "sg-planning-areas.json"; sourceTree = "<group>"; };
		0C9FB37CFB9A0B22A8B8DE18 /* my-source-regions.json */ = {isa = PBXFileReference; lastKnownFileType = text.json; path = "my-source-regions.json"; sourceTree = "<group>"; };
		132A0FCA55489532D9E621EE /* france-place-search-index.json */ = {isa = PBXFileReference; lastKnownFileType = text.json; path = "france-place-search-index.json"; sourceTree = "<group>"; };
		16EDFC8A379A0752FBA434E7 /* ColorviaTheme.swift */ = {isa = PBXFileReference; lastKnownFileType = sourcecode.swift; path = ColorviaTheme.swift; sourceTree = "<group>"; };
		17564F03267C2614F0BCA353 /* kr-subdivisions.json */ = {isa = PBXFileReference; lastKnownFileType = text.json; path = "kr-subdivisions.json"; sourceTree = "<group>"; };
		1F07E87D5E4AB5178114D283 /* L10n.swift */ = {isa = PBXFileReference; lastKnownFileType = sourcecode.swift; path = L10n.swift; sourceTree = "<group>"; };
		1FAE63DD192DB49310C45B5E /* RootView.swift */ = {isa = PBXFileReference; lastKnownFileType = sourcecode.swift; path = RootView.swift; sourceTree = "<group>"; };
		25B0A607ED04D3FED250D616 /* AppState.swift */ = {isa = PBXFileReference; lastKnownFileType = sourcecode.swift; path = AppState.swift; sourceTree = "<group>"; };
		279620BDCC1CCE269F8B97EF /* tr-subdivisions.json */ = {isa = PBXFileReference; lastKnownFileType = text.json; path = "tr-subdivisions.json"; sourceTree = "<group>"; };
		2E8311FC617211F299BD9822 /* JapanDetailView.swift */ = {isa = PBXFileReference; lastKnownFileType = sourcecode.swift; path = JapanDetailView.swift; sourceTree = "<group>"; };
		31C27495BF28523539D33FEA /* be-place-search-index.json */ = {isa = PBXFileReference; lastKnownFileType = text.json; path = "be-place-search-index.json"; sourceTree = "<group>"; };
		3875E4FAE474E54CD330151C /* sg-map.json */ = {isa = PBXFileReference; lastKnownFileType = text.json; path = "sg-map.json"; sourceTree = "<group>"; };
		38BDBFCFC63E053860D1472A /* SubdivisionMapScreen.swift */ = {isa = PBXFileReference; lastKnownFileType = sourcecode.swift; path = SubdivisionMapScreen.swift; sourceTree = "<group>"; };
		3A41FFF4CDE5D569C838292C /* japan-place-search-index.json */ = {isa = PBXFileReference; lastKnownFileType = text.json; path = "japan-place-search-index.json"; sourceTree = "<group>"; };
		3CDF920807669CE9C01A7BB0 /* BannerAdContainer.swift */ = {isa = PBXFileReference; lastKnownFileType = sourcecode.swift; path = BannerAdContainer.swift; sourceTree = "<group>"; };
		3CF150C708A695D206CD1AB9 /* SettingsView.swift */ = {isa = PBXFileReference; lastKnownFileType = sourcecode.swift; path = SettingsView.swift; sourceTree = "<group>"; };
		3CFCDACF240E1F4A1FF5B43E /* france-departments.json */ = {isa = PBXFileReference; lastKnownFileType = text.json; path = "france-departments.json"; sourceTree = "<group>"; };
		4081222B198E30AB7ED3244A /* tr-map.json */ = {isa = PBXFileReference; lastKnownFileType = text.json; path = "tr-map.json"; sourceTree = "<group>"; };
		4227A85A65D84598BC0B108D /* AppUpdatesView.swift */ = {isa = PBXFileReference; lastKnownFileType = sourcecode.swift; path = AppUpdatesView.swift; sourceTree = "<group>"; };
		439D34D0EA0B7D278BFA0073 /* OnboardingView.swift */ = {isa = PBXFileReference; lastKnownFileType = sourcecode.swift; path = OnboardingView.swift; sourceTree = "<group>"; };
		4781546413B603F3BE7DC60A /* AdMobConfiguration.swift */ = {isa = PBXFileReference; lastKnownFileType = sourcecode.swift; path = AdMobConfiguration.swift; sourceTree = "<group>"; };
		4B62B4DA711226F149795E36 /* HomeView.swift */ = {isa = PBXFileReference; lastKnownFileType = sourcecode.swift; path = HomeView.swift; sourceTree = "<group>"; };
		4CA868B29C1557F53BFE9D43 /* AppConfiguration.swift */ = {isa = PBXFileReference; lastKnownFileType = sourcecode.swift; path = AppConfiguration.swift; sourceTree = "<group>"; };
		500413565FA4B9B4892BEB39 /* us-source-regions.json */ = {isa = PBXFileReference; lastKnownFileType = text.json; path = "us-source-regions.json"; sourceTree = "<group>"; };
		51547EE1483B3222565E21C9 /* WorldMapView.swift */ = {isa = PBXFileReference; lastKnownFileType = sourcecode.swift; path = WorldMapView.swift; sourceTree = "<group>"; };
		520C0FB967AE13AAAE8DFBC5 /* world-map.json */ = {isa = PBXFileReference; lastKnownFileType = text.json; path = "world-map.json"; sourceTree = "<group>"; };
		5454AD3F0F5E8CB7D9B9EE22 /* JapanMapStore.swift */ = {isa = PBXFileReference; lastKnownFileType = sourcecode.swift; path = JapanMapStore.swift; sourceTree = "<group>"; };
		555EAC31C80323B10AA6856B /* BannerAdView.swift */ = {isa = PBXFileReference; lastKnownFileType = sourcecode.swift; path = BannerAdView.swift; sourceTree = "<group>"; };
		59E49DA7D76F9323C3660D1F /* CountryDetailView.swift */ = {isa = PBXFileReference; lastKnownFileType = sourcecode.swift; path = CountryDetailView.swift; sourceTree = "<group>"; };
		5CAF8C6A125BC646003B0DD4 /* AdMobConsentManager.swift */ = {isa = PBXFileReference; lastKnownFileType = sourcecode.swift; path = AdMobConsentManager.swift; sourceTree = "<group>"; };
		5E7E4F02CE07B45EE2CC339B /* FranceDetailView.swift */ = {isa = PBXFileReference; lastKnownFileType = sourcecode.swift; path = FranceDetailView.swift; sourceTree = "<group>"; };
		60B184E9D06FEA19CED0FE57 /* my-map.json */ = {isa = PBXFileReference; lastKnownFileType = text.json; path = "my-map.json"; sourceTree = "<group>"; };
		685509F4D226B24460F481BF /* tr-place-search-index.json */ = {isa = PBXFileReference; lastKnownFileType = text.json; path = "tr-place-search-index.json"; sourceTree = "<group>"; };
		69970AEDFD350CCBC2F95CC5 /* JapanMapScreen.swift */ = {isa = PBXFileReference; lastKnownFileType = sourcecode.swift; path = JapanMapScreen.swift; sourceTree = "<group>"; };
		6DD5808B08F03B4BB193D0A1 /* Debug.xcconfig */ = {isa = PBXFileReference; lastKnownFileType = text.xcconfig; path = Debug.xcconfig; sourceTree = "<group>"; };
		6FB90EC83715387311C03A54 /* us-subdivisions.json */ = {isa = PBXFileReference; lastKnownFileType = text.json; path = "us-subdivisions.json"; sourceTree = "<group>"; };
		7409206E2ED969BC382279D2 /* prefectures.json */ = {isa = PBXFileReference; lastKnownFileType = text.json; path = prefectures.json; sourceTree = "<group>"; };
		741D5F29B425AF05B12FA5B9 /* us-map.json */ = {isa = PBXFileReference; lastKnownFileType = text.json; path = "us-map.json"; sourceTree = "<group>"; };
		7814D2D45592ABCAA4A8E21B /* FranceDepartmentListView.swift */ = {isa = PBXFileReference; lastKnownFileType = sourcecode.swift; path = FranceDepartmentListView.swift; sourceTree = "<group>"; };
		7C0657E346137DAB2461126A /* JapanMapView.swift */ = {isa = PBXFileReference; lastKnownFileType = sourcecode.swift; path = JapanMapView.swift; sourceTree = "<group>"; };
		7E5CB462AC0E7937E73A4087 /* kr-place-search-index.json */ = {isa = PBXFileReference; lastKnownFileType = text.json; path = "kr-place-search-index.json"; sourceTree = "<group>"; };
		8285A0001343A486C18A5684 /* Localizable.xcstrings */ = {isa = PBXFileReference; lastKnownFileType = text.json.xcstrings; path = Localizable.xcstrings; sourceTree = "<group>"; };
		860D0D68DBF538BC1C34B550 /* CountryPickerView.swift */ = {isa = PBXFileReference; lastKnownFileType = sourcecode.swift; path = CountryPickerView.swift; sourceTree = "<group>"; };
		861527F7663B05711A617077 /* Assets.xcassets */ = {isa = PBXFileReference; lastKnownFileType = folder.assetcatalog; path = Assets.xcassets; sourceTree = "<group>"; };
		8A0567673CE31008D3B179D8 /* PrefectureListView.swift */ = {isa = PBXFileReference; lastKnownFileType = sourcecode.swift; path = PrefectureListView.swift; sourceTree = "<group>"; };
		8B134B695689E7944C718856 /* sg-source-regions.json */ = {isa = PBXFileReference; lastKnownFileType = text.json; path = "sg-source-regions.json"; sourceTree = "<group>"; };
		8FD7F40B367A088C111AA3E3 /* sg-place-search-index.json */ = {isa = PBXFileReference; lastKnownFileType = text.json; path = "sg-place-search-index.json"; sourceTree = "<group>"; };
		92C521C79E2753A0A22EC61A /* AppStateTests.swift */ = {isa = PBXFileReference; lastKnownFileType = sourcecode.swift; path = AppStateTests.swift; sourceTree = "<group>"; };
		957D45F9AF37DDF78AA0E620 /* es-map.json */ = {isa = PBXFileReference; lastKnownFileType = text.json; path = "es-map.json"; sourceTree = "<group>"; };
		994046E137431869FA45F1BB /* japan-map.json */ = {isa = PBXFileReference; lastKnownFileType = text.json; path = "japan-map.json"; sourceTree = "<group>"; };
		9A0FA03D4355BD1F490FE3B4 /* Country.swift */ = {isa = PBXFileReference; lastKnownFileType = sourcecode.swift; path = Country.swift; sourceTree = "<group>"; };
		9B364C0C761ACDF804AAFB56 /* Info.plist */ = {isa = PBXFileReference; lastKnownFileType = text.plist; path = Info.plist; sourceTree = "<group>"; };
		9CEEE051D57ED64054C2E3FD /* ColorviaApp.swift */ = {isa = PBXFileReference; lastKnownFileType = sourcecode.swift; path = ColorviaApp.swift; sourceTree = "<group>"; };
		9F7432E1D1B0C7F76039CE60 /* VisitDataDocument.swift */ = {isa = PBXFileReference; lastKnownFileType = sourcecode.swift; path = VisitDataDocument.swift; sourceTree = "<group>"; };
		A01FF43388363773DBF4E2A1 /* PurchaseManager.swift */ = {isa = PBXFileReference; lastKnownFileType = sourcecode.swift; path = PurchaseManager.swift; sourceTree = "<group>"; };
		A2CE52F38EFB09EDF7645224 /* LegalDocumentView.swift */ = {isa = PBXFileReference; lastKnownFileType = sourcecode.swift; path = LegalDocumentView.swift; sourceTree = "<group>"; };
		A73CFE93E0B2158A4FF2BD1E /* FileVisitStateRepository.swift */ = {isa = PBXFileReference; lastKnownFileType = sourcecode.swift; path = FileVisitStateRepository.swift; sourceTree = "<group>"; };
		A9A117E1C8E09450D9A13433 /* PlaceSearch.swift */ = {isa = PBXFileReference; lastKnownFileType = sourcecode.swift; path = PlaceSearch.swift; sourceTree = "<group>"; };
		AAC4B26D76933C9E6296C198 /* PrivacyInfo.xcprivacy */ = {isa = PBXFileReference; path = PrivacyInfo.xcprivacy; sourceTree = "<group>"; };
		AD1CCBC618EFFB8D24258971 /* FranceDepartment.swift */ = {isa = PBXFileReference; lastKnownFileType = sourcecode.swift; path = FranceDepartment.swift; sourceTree = "<group>"; };
		B052C3928ACEFF96EA85D0B0 /* SubdivisionCountryDetailView.swift */ = {isa = PBXFileReference; lastKnownFileType = sourcecode.swift; path = SubdivisionCountryDetailView.swift; sourceTree = "<group>"; };
		B09303E4CFE941F03903F84D /* SubdivisionListView.swift */ = {isa = PBXFileReference; lastKnownFileType = sourcecode.swift; path = SubdivisionListView.swift; sourceTree = "<group>"; };
		B2567681BD8FCA5493972105 /* eg-subdivisions.json */ = {isa = PBXFileReference; lastKnownFileType = text.json; path = "eg-subdivisions.json"; sourceTree = "<group>"; };
		B384CB2A4F45954D6B8BD850 /* be-source-regions.json */ = {isa = PBXFileReference; lastKnownFileType = text.json; path = "be-source-regions.json"; sourceTree = "<group>"; };
		B7197F600ED1B069ADCC17D8 /* SubdivisionShareSheet.swift */ = {isa = PBXFileReference; lastKnownFileType = sourcecode.swift; path = SubdivisionShareSheet.swift; sourceTree = "<group>"; };
		C4C477227371CFC5DEDC45E8 /* FranceShareSheet.swift */ = {isa = PBXFileReference; lastKnownFileType = sourcecode.swift; path = FranceShareSheet.swift; sourceTree = "<group>"; };
		C5E451573C611F504FD2ACBD /* ColorviaTests.xctest */ = {isa = PBXFileReference; includeInIndex = 0; lastKnownFileType = wrapper.cfbundle; path = ColorviaTests.xctest; sourceTree = BUILT_PRODUCTS_DIR; };
		C7ACA4BBE7C7C19A6903B4DB /* be-map.json */ = {isa = PBXFileReference; lastKnownFileType = text.json; path = "be-map.json"; sourceTree = "<group>"; };
		CC2DB817C950F061BAE7A3D1 /* es-subdivisions.json */ = {isa = PBXFileReference; lastKnownFileType = text.json; path = "es-subdivisions.json"; sourceTree = "<group>"; };
		CCB17EA43F3D9C7DC090A8C2 /* Release.xcconfig */ = {isa = PBXFileReference; lastKnownFileType = text.xcconfig; path = Release.xcconfig; sourceTree = "<group>"; };
		CCBDDC80937AD8B575CF7310 /* us-place-search-index.json */ = {isa = PBXFileReference; lastKnownFileType = text.json; path = "us-place-search-index.json"; sourceTree = "<group>"; };
		D177DCBED58403440FED28FE /* my-place-search-index.json */ = {isa = PBXFileReference; lastKnownFileType = text.json; path = "my-place-search-index.json"; sourceTree = "<group>"; };
		D3704B8FF1F5A494D674E7D8 /* es-place-search-index.json */ = {isa = PBXFileReference; lastKnownFileType = text.json; path = "es-place-search-index.json"; sourceTree = "<group>"; };
		D53B993D75FE982A8E737A9D /* Prefecture.swift */ = {isa = PBXFileReference; lastKnownFileType = sourcecode.swift; path = Prefecture.swift; sourceTree = "<group>"; };
		D630418794DFB4EB9FD2FDB2 /* sg-subdivisions.json */ = {isa = PBXFileReference; lastKnownFileType = text.json; path = "sg-subdivisions.json"; sourceTree = "<group>"; };
		D6CAC62C03A972AB99E59240 /* be-subdivisions.json */ = {isa = PBXFileReference; lastKnownFileType = text.json; path = "be-subdivisions.json"; sourceTree = "<group>"; };
		D755BC07691D7AB758EECCDE /* ContactSupportView.swift */ = {isa = PBXFileReference; lastKnownFileType = sourcecode.swift; path = ContactSupportView.swift; sourceTree = "<group>"; };
		D97569D652F710198CBB7047 /* CountrySubdivision.swift */ = {isa = PBXFileReference; lastKnownFileType = sourcecode.swift; path = CountrySubdivision.swift; sourceTree = "<group>"; };
		DA63DB3C3DBCE86665B054CD /* WorldMapStore.swift */ = {isa = PBXFileReference; lastKnownFileType = sourcecode.swift; path = WorldMapStore.swift; sourceTree = "<group>"; };
		DB0B37140D85DCD2FC6DC090 /* my-subdivisions.json */ = {isa = PBXFileReference; lastKnownFileType = text.json; path = "my-subdivisions.json"; sourceTree = "<group>"; };
		DD9DBFFC701F20E1917A2053 /* AppStoreScreenshotTests.swift */ = {isa = PBXFileReference; lastKnownFileType = sourcecode.swift; path = AppStoreScreenshotTests.swift; sourceTree = "<group>"; };
		DF641294B6B841D569BC7C8C /* th-map.json */ = {isa = PBXFileReference; lastKnownFileType = text.json; path = "th-map.json"; sourceTree = "<group>"; };
		E4BE1AA59C3E2E148B13FC6C /* AppRoute.swift */ = {isa = PBXFileReference; lastKnownFileType = sourcecode.swift; path = AppRoute.swift; sourceTree = "<group>"; };
		E5C3A8AE91C7619DF148C066 /* france-map.json */ = {isa = PBXFileReference; lastKnownFileType = text.json; path = "france-map.json"; sourceTree = "<group>"; };
		EDADC84FBBCB487FE09319A7 /* ColorviaUITests.xctest */ = {isa = PBXFileReference; includeInIndex = 0; lastKnownFileType = wrapper.cfbundle; path = ColorviaUITests.xctest; sourceTree = BUILT_PRODUCTS_DIR; };
		EE1BD3F91D2987B8D1824934 /* Colorvia.entitlements */ = {isa = PBXFileReference; lastKnownFileType = text.plist.entitlements; path = Colorvia.entitlements; sourceTree = "<group>"; };
		EEF05AA7C7839AE5D18E6F34 /* FranceMapScreen.swift */ = {isa = PBXFileReference; lastKnownFileType = sourcecode.swift; path = FranceMapScreen.swift; sourceTree = "<group>"; };
		F0E0F586F476D73800097440 /* th-subdivisions.json */ = {isa = PBXFileReference; lastKnownFileType = text.json; path = "th-subdivisions.json"; sourceTree = "<group>"; };
		F321FB549489633C36E1696E /* InfoPlist.xcstrings */ = {isa = PBXFileReference; lastKnownFileType = text.json.xcstrings; path = InfoPlist.xcstrings; sourceTree = "<group>"; };
		F54C021D2B00D6C5A1144E22 /* eg-map.json */ = {isa = PBXFileReference; lastKnownFileType = text.json; path = "eg-map.json"; sourceTree = "<group>"; };
		F5B9798EDA56165F498E090F /* SupportAPIClient.swift */ = {isa = PBXFileReference; lastKnownFileType = sourcecode.swift; path = SupportAPIClient.swift; sourceTree = "<group>"; };
		F85DE257DCAF3989820B19A4 /* th-place-search-index.json */ = {isa = PBXFileReference; lastKnownFileType = text.json; path = "th-place-search-index.json"; sourceTree = "<group>"; };
/* End PBXFileReference section */

/* Begin PBXFrameworksBuildPhase section */
		E187234519A659BEDBF3C6CB /* Frameworks */ = {
			isa = PBXFrameworksBuildPhase;
			buildActionMask = 2147483647;
			files = (
				A283CDCCA1EB392ECD7F595D /* GoogleMobileAds in Frameworks */,
			);
			runOnlyForDeploymentPostprocessing = 0;
		};
/* End PBXFrameworksBuildPhase section */

/* Begin PBXGroup section */
		000210169D96D2D395A3CCDA /* Products */ = {
			isa = PBXGroup;
			children = (
				063DCF90BE28079DC8068201 /* Colorvia.app */,
				C5E451573C611F504FD2ACBD /* ColorviaTests.xctest */,
				EDADC84FBBCB487FE09319A7 /* ColorviaUITests.xctest */,
			);
			name = Products;
			sourceTree = "<group>";
		};
		1C6AB602D3FB5D1E8AC85427 /* ColorviaTests */ = {
			isa = PBXGroup;
			children = (
				92C521C79E2753A0A22EC61A /* AppStateTests.swift */,
			);
			path = ColorviaTests;
			sourceTree = "<group>";
		};
		222C836D709DC7637A12EEAE /* Home */ = {
			isa = PBXGroup;
			children = (
				4B62B4DA711226F149795E36 /* HomeView.swift */,
			);
			path = Home;
			sourceTree = "<group>";
		};
		274D31078EF3C4A9D4CE47F3 /* Japan */ = {
			isa = PBXGroup;
			children = (
				2E8311FC617211F299BD9822 /* JapanDetailView.swift */,
				69970AEDFD350CCBC2F95CC5 /* JapanMapScreen.swift */,
				8A0567673CE31008D3B179D8 /* PrefectureListView.swift */,
			);
			path = Japan;
			sourceTree = "<group>";
		};
		32168532DECB783AEC8E0E9A /* CountrySubdivision */ = {
			isa = PBXGroup;
			children = (
				B052C3928ACEFF96EA85D0B0 /* SubdivisionCountryDetailView.swift */,
				B09303E4CFE941F03903F84D /* SubdivisionListView.swift */,
				38BDBFCFC63E053860D1472A /* SubdivisionMapScreen.swift */,
				B7197F600ED1B069ADCC17D8 /* SubdivisionShareSheet.swift */,
			);
			path = CountrySubdivision;
			sourceTree = "<group>";
		};
		37B0FE511F52C5514D8E39BA /* PlaceSearch */ = {
			isa = PBXGroup;
			children = (
				A9A117E1C8E09450D9A13433 /* PlaceSearch.swift */,
			);
			path = PlaceSearch;
			sourceTree = "<group>";
		};
		3801DF9614610893A1EF7D3E /* France */ = {
			isa = PBXGroup;
			children = (
				7814D2D45592ABCAA4A8E21B /* FranceDepartmentListView.swift */,
				5E7E4F02CE07B45EE2CC339B /* FranceDetailView.swift */,
				EEF05AA7C7839AE5D18E6F34 /* FranceMapScreen.swift */,
				C4C477227371CFC5DEDC45E8 /* FranceShareSheet.swift */,
			);
			path = France;
			sourceTree = "<group>";
		};
		3FA6EBB303469A184302F931 /* Country */ = {
			isa = PBXGroup;
			children = (
				9A0FA03D4355BD1F490FE3B4 /* Country.swift */,
			);
			path = Country;
			sourceTree = "<group>";
		};
		45B00E2A1F68B215F6DCCFA6 /* Localization */ = {
			isa = PBXGroup;
			children = (
				1F07E87D5E4AB5178114D283 /* L10n.swift */,
			);
			path = Localization;
			sourceTree = "<group>";
		};
		4819F9B78CA8B4F7A34680BA /* Features */ = {
			isa = PBXGroup;
			children = (
				9CBF9532A1651BEE0D2AAA60 /* CountryDetail */,
				873882CFC36156F0FCFF78A7 /* CountryPicker */,
				32168532DECB783AEC8E0E9A /* CountrySubdivision */,
				3801DF9614610893A1EF7D3E /* France */,
				222C836D709DC7637A12EEAE /* Home */,
				274D31078EF3C4A9D4CE47F3 /* Japan */,
				8D3753D798FC25CF3AA18519 /* Onboarding */,
				603AC18218DEA8FEF3983A5B /* Settings */,
				532DF4C7DF3946918F01CE6F /* Statistics */,
			);
			path = Features;
			sourceTree = "<group>";
		};
		50AF828156362C9AB127DC38 /* Persistence */ = {
			isa = PBXGroup;
			children = (
				A73CFE93E0B2158A4FF2BD1E /* FileVisitStateRepository.swift */,
				9F7432E1D1B0C7F76039CE60 /* VisitDataDocument.swift */,
			);
			path = Persistence;
			sourceTree = "<group>";
		};
		532DF4C7DF3946918F01CE6F /* Statistics */ = {
			isa = PBXGroup;
			children = (
				088F978FCCC3EF778E0248E1 /* StatisticsView.swift */,
			);
			path = Statistics;
			sourceTree = "<group>";
		};
		5CBE842AFF7B05A7928EE5A1 /* Colorvia */ = {
			isa = PBXGroup;
			children = (
				EE1BD3F91D2987B8D1824934 /* Colorvia.entitlements */,
				9B364C0C761ACDF804AAFB56 /* Info.plist */,
				AAC4B26D76933C9E6296C198 /* PrivacyInfo.xcprivacy */,
				F490EAE412D5AE9B52B66D0C /* Advertising */,
				CE9B00487E0DE45122BA482A /* App */,
				9ED41B007C35A51CBC7C5ED0 /* Core */,
				E9FFDB353FE4ED2545766C3D /* DesignSystem */,
				4819F9B78CA8B4F7A34680BA /* Features */,
				B8C4D4F37B8AB43F0AC6C25E /* Purchases */,
				C63854B0FDEDBBF0E3C7E202 /* Resources */,
			);
			path = Colorvia;
			sourceTree = "<group>";
		};
		603AC18218DEA8FEF3983A5B /* Settings */ = {
			isa = PBXGroup;
			children = (
				4227A85A65D84598BC0B108D /* AppUpdatesView.swift */,
				D755BC07691D7AB758EECCDE /* ContactSupportView.swift */,
				068EC9263A85E83278E9427F /* LegalDocumentContent.swift */,
				A2CE52F38EFB09EDF7645224 /* LegalDocumentView.swift */,
				3CF150C708A695D206CD1AB9 /* SettingsView.swift */,
				F5B9798EDA56165F498E090F /* SupportAPIClient.swift */,
			);
			path = Settings;
			sourceTree = "<group>";
		};
		6C86EDB695F0F79B8AF626AD /* WorldMap */ = {
			isa = PBXGroup;
			children = (
				DA63DB3C3DBCE86665B054CD /* WorldMapStore.swift */,
				51547EE1483B3222565E21C9 /* WorldMapView.swift */,
			);
			path = WorldMap;
			sourceTree = "<group>";
		};
		823C719D945EF77A73EDD5A8 /* ColorviaUITests */ = {
			isa = PBXGroup;
			children = (
				DD9DBFFC701F20E1917A2053 /* AppStoreScreenshotTests.swift */,
			);
			path = ColorviaUITests;
			sourceTree = "<group>";
		};
		873882CFC36156F0FCFF78A7 /* CountryPicker */ = {
			isa = PBXGroup;
			children = (
				860D0D68DBF538BC1C34B550 /* CountryPickerView.swift */,
			);
			path = CountryPicker;
			sourceTree = "<group>";
		};
		8AE19BE1D8F8F417D6D93EB4 = {
			isa = PBXGroup;
			children = (
				5CBE842AFF7B05A7928EE5A1 /* Colorvia */,
				1C6AB602D3FB5D1E8AC85427 /* ColorviaTests */,
				823C719D945EF77A73EDD5A8 /* ColorviaUITests */,
				DBB30FC876F59056832552BF /* Config */,
				000210169D96D2D395A3CCDA /* Products */,
			);
			sourceTree = "<group>";
		};
		8D3753D798FC25CF3AA18519 /* Onboarding */ = {
			isa = PBXGroup;
			children = (
				439D34D0EA0B7D278BFA0073 /* OnboardingView.swift */,
			);
			path = Onboarding;
			sourceTree = "<group>";
		};
		9CBF9532A1651BEE0D2AAA60 /* CountryDetail */ = {
			isa = PBXGroup;
			children = (
				59E49DA7D76F9323C3660D1F /* CountryDetailView.swift */,
			);
			path = CountryDetail;
			sourceTree = "<group>";
		};
		9ED41B007C35A51CBC7C5ED0 /* Core */ = {
			isa = PBXGroup;
			children = (
				3FA6EBB303469A184302F931 /* Country */,
				E85F0EB8920B8D4EE9E637FC /* France */,
				E7B0EF86C959C017259C4686 /* Japan */,
				45B00E2A1F68B215F6DCCFA6 /* Localization */,
				50AF828156362C9AB127DC38 /* Persistence */,
				37B0FE511F52C5514D8E39BA /* PlaceSearch */,
				C86D83EB173A2F445140ED81 /* Subdivision */,
				6C86EDB695F0F79B8AF626AD /* WorldMap */,
			);
			path = Core;
			sourceTree = "<group>";
		};
		B8C4D4F37B8AB43F0AC6C25E /* Purchases */ = {
			isa = PBXGroup;
			children = (
				A01FF43388363773DBF4E2A1 /* PurchaseManager.swift */,
			);
			path = Purchases;
			sourceTree = "<group>";
		};
		C63854B0FDEDBBF0E3C7E202 /* Resources */ = {
			isa = PBXGroup;
			children = (
				861527F7663B05711A617077 /* Assets.xcassets */,
				C7ACA4BBE7C7C19A6903B4DB /* be-map.json */,
				31C27495BF28523539D33FEA /* be-place-search-index.json */,
				B384CB2A4F45954D6B8BD850 /* be-source-regions.json */,
				D6CAC62C03A972AB99E59240 /* be-subdivisions.json */,
				0BC09B273BF476F90E5E7241 /* countries.json */,
				F54C021D2B00D6C5A1144E22 /* eg-map.json */,
				0B9D34C5AAE06EB903847DCE /* eg-place-search-index.json */,
				B2567681BD8FCA5493972105 /* eg-subdivisions.json */,
				957D45F9AF37DDF78AA0E620 /* es-map.json */,
				D3704B8FF1F5A494D674E7D8 /* es-place-search-index.json */,
				CC2DB817C950F061BAE7A3D1 /* es-subdivisions.json */,
				3CFCDACF240E1F4A1FF5B43E /* france-departments.json */,
				E5C3A8AE91C7619DF148C066 /* france-map.json */,
				132A0FCA55489532D9E621EE /* france-place-search-index.json */,
				F321FB549489633C36E1696E /* InfoPlist.xcstrings */,
				994046E137431869FA45F1BB /* japan-map.json */,
				3A41FFF4CDE5D569C838292C /* japan-place-search-index.json */,
				0365D5D25DF7BD96E8FC313B /* kr-map.json */,
				7E5CB462AC0E7937E73A4087 /* kr-place-search-index.json */,
				17564F03267C2614F0BCA353 /* kr-subdivisions.json */,
				8285A0001343A486C18A5684 /* Localizable.xcstrings */,
				60B184E9D06FEA19CED0FE57 /* my-map.json */,
				D177DCBED58403440FED28FE /* my-place-search-index.json */,
				0C9FB37CFB9A0B22A8B8DE18 /* my-source-regions.json */,
				DB0B37140D85DCD2FC6DC090 /* my-subdivisions.json */,
				7409206E2ED969BC382279D2 /* prefectures.json */,
				3875E4FAE474E54CD330151C /* sg-map.json */,
				8FD7F40B367A088C111AA3E3 /* sg-place-search-index.json */,
				0BCB5961E7719E0F058EA73F /* sg-planning-areas.json */,
				8B134B695689E7944C718856 /* sg-source-regions.json */,
				D630418794DFB4EB9FD2FDB2 /* sg-subdivisions.json */,
				DF641294B6B841D569BC7C8C /* th-map.json */,
				F85DE257DCAF3989820B19A4 /* th-place-search-index.json */,
				F0E0F586F476D73800097440 /* th-subdivisions.json */,
				4081222B198E30AB7ED3244A /* tr-map.json */,
				685509F4D226B24460F481BF /* tr-place-search-index.json */,
				279620BDCC1CCE269F8B97EF /* tr-subdivisions.json */,
				741D5F29B425AF05B12FA5B9 /* us-map.json */,
				CCBDDC80937AD8B575CF7310 /* us-place-search-index.json */,
				500413565FA4B9B4892BEB39 /* us-source-regions.json */,
				6FB90EC83715387311C03A54 /* us-subdivisions.json */,
				520C0FB967AE13AAAE8DFBC5 /* world-map.json */,
			);
			path = Resources;
			sourceTree = "<group>";
		};
		C86D83EB173A2F445140ED81 /* Subdivision */ = {
			isa = PBXGroup;
			children = (
				D97569D652F710198CBB7047 /* CountrySubdivision.swift */,
			);
			path = Subdivision;
			sourceTree = "<group>";
		};
		CE9B00487E0DE45122BA482A /* App */ = {
			isa = PBXGroup;
			children = (
				4CA868B29C1557F53BFE9D43 /* AppConfiguration.swift */,
				E4BE1AA59C3E2E148B13FC6C /* AppRoute.swift */,
				25B0A607ED04D3FED250D616 /* AppState.swift */,
				9CEEE051D57ED64054C2E3FD /* ColorviaApp.swift */,
				1FAE63DD192DB49310C45B5E /* RootView.swift */,
			);
			path = App;
			sourceTree = "<group>";
		};
		DBB30FC876F59056832552BF /* Config */ = {
			isa = PBXGroup;
			children = (
				6DD5808B08F03B4BB193D0A1 /* Debug.xcconfig */,
				CCB17EA43F3D9C7DC090A8C2 /* Release.xcconfig */,
			);
			path = Config;
			sourceTree = "<group>";
		};
		E7B0EF86C959C017259C4686 /* Japan */ = {
			isa = PBXGroup;
			children = (
				5454AD3F0F5E8CB7D9B9EE22 /* JapanMapStore.swift */,
				7C0657E346137DAB2461126A /* JapanMapView.swift */,
				D53B993D75FE982A8E737A9D /* Prefecture.swift */,
			);
			path = Japan;
			sourceTree = "<group>";
		};
		E85F0EB8920B8D4EE9E637FC /* France */ = {
			isa = PBXGroup;
			children = (
				AD1CCBC618EFFB8D24258971 /* FranceDepartment.swift */,
			);
			path = France;
			sourceTree = "<group>";
		};
		E9FFDB353FE4ED2545766C3D /* DesignSystem */ = {
			isa = PBXGroup;
			children = (
				16EDFC8A379A0752FBA434E7 /* ColorviaTheme.swift */,
			);
			path = DesignSystem;
			sourceTree = "<group>";
		};
		F490EAE412D5AE9B52B66D0C /* Advertising */ = {
			isa = PBXGroup;
			children = (
				04B0BB7A2FA573E939A43F5F /* AdEntitlementStore.swift */,
				4781546413B603F3BE7DC60A /* AdMobConfiguration.swift */,
				5CAF8C6A125BC646003B0DD4 /* AdMobConsentManager.swift */,
				3CDF920807669CE9C01A7BB0 /* BannerAdContainer.swift */,
				555EAC31C80323B10AA6856B /* BannerAdView.swift */,
			);
			path = Advertising;
			sourceTree = "<group>";
		};
/* End PBXGroup section */

/* Begin PBXNativeTarget section */
		217FB4C455613FFADC87D5EE /* ColorviaUITests */ = {
			isa = PBXNativeTarget;
			buildConfigurationList = 3D3703E3F9C94622F389007B /* Build configuration list for PBXNativeTarget "ColorviaUITests" */;
			buildPhases = (
				88E9A0EE1907E7A151390BEB /* Sources */,
			);
			buildRules = (
			);
			dependencies = (
				36478DB21752939601C661E1 /* PBXTargetDependency */,
			);
			name = ColorviaUITests;
			packageProductDependencies = (
			);
			productName = ColorviaUITests;
			productReference = EDADC84FBBCB487FE09319A7 /* ColorviaUITests.xctest */;
			productType = "com.apple.product-type.bundle.ui-testing";
		};
		7E79EDC6BEB77A6B93C94113 /* Colorvia */ = {
			isa = PBXNativeTarget;
			buildConfigurationList = 6700EBAF2879D20E7923A0EA /* Build configuration list for PBXNativeTarget "Colorvia" */;
			buildPhases = (
				676C3A06AE8607A26BC90D1F /* Validate external service configuration */,
				05E18D989506B4FD5573E9E4 /* Sources */,
				36CB3F184339B8DD0FE7172E /* Resources */,
				E187234519A659BEDBF3C6CB /* Frameworks */,
			);
			buildRules = (
			);
			dependencies = (
			);
			name = Colorvia;
			packageProductDependencies = (
				652090FE541F80BFDD1E0FB8 /* GoogleMobileAds */,
			);
			productName = Colorvia;
			productReference = 063DCF90BE28079DC8068201 /* Colorvia.app */;
			productType = "com.apple.product-type.application";
		};
		870207106C29BA655475DE38 /* ColorviaTests */ = {
			isa = PBXNativeTarget;
			buildConfigurationList = DB7B4E1E274F01DAAB26A049 /* Build configuration list for PBXNativeTarget "ColorviaTests" */;
			buildPhases = (
				C183DB22B6BB66D953907096 /* Sources */,
			);
			buildRules = (
			);
			dependencies = (
				68F063236BB5165B417A4E1E /* PBXTargetDependency */,
			);
			name = ColorviaTests;
			packageProductDependencies = (
			);
			productName = ColorviaTests;
			productReference = C5E451573C611F504FD2ACBD /* ColorviaTests.xctest */;
			productType = "com.apple.product-type.bundle.unit-test";
		};
/* End PBXNativeTarget section */

/* Begin PBXProject section */
		432F661559AFFE726C767D24 /* Project object */ = {
			isa = PBXProject;
			attributes = {
				BuildIndependentTargetsInParallel = YES;
				LastUpgradeCheck = 1430;
				TargetAttributes = {
					217FB4C455613FFADC87D5EE = {
						DevelopmentTeam = 7GU925RQ99;
						ProvisioningStyle = Automatic;
						TestTargetID = 7E79EDC6BEB77A6B93C94113;
					};
					7E79EDC6BEB77A6B93C94113 = {
						DevelopmentTeam = 7GU925RQ99;
						ProvisioningStyle = Automatic;
					};
					870207106C29BA655475DE38 = {
						DevelopmentTeam = 7GU925RQ99;
						ProvisioningStyle = Automatic;
					};
				};
			};
			buildConfigurationList = FB78FBBD4E7CFAFAB3938A3C /* Build configuration list for PBXProject "Colorvia" */;
			developmentRegion = en;
			hasScannedForEncodings = 0;
			knownRegions = (
				Base,
				de,
				en,
				es,
				fr,
				it,
				ja,
				ko,
				"pt-BR",
				ru,
				"zh-Hans",
				"zh-Hant",
			);
			mainGroup = 8AE19BE1D8F8F417D6D93EB4;
			minimizedProjectReferenceProxies = 1;
			packageReferences = (
				F79A67B54F874C47B79A6E58 /* XCRemoteSwiftPackageReference "swift-package-manager-google-mobile-ads" */,
			);
			preferredProjectObjectVersion = 77;
			productRefGroup = 000210169D96D2D395A3CCDA /* Products */;
			projectDirPath = "";
			projectRoot = "";
			targets = (
				7E79EDC6BEB77A6B93C94113 /* Colorvia */,
				870207106C29BA655475DE38 /* ColorviaTests */,
				217FB4C455613FFADC87D5EE /* ColorviaUITests */,
			);
		};
/* End PBXProject section */

/* Begin PBXResourcesBuildPhase section */
		36CB3F184339B8DD0FE7172E /* Resources */ = {
			isa = PBXResourcesBuildPhase;
			buildActionMask = 2147483647;
			files = (
				E0C9E98C963930FAA408A5E4 /* Assets.xcassets in Resources */,
				E6F9EC4207DF7B532549EFF1 /* InfoPlist.xcstrings in Resources */,
				B915BBCACDDE7B2D2A4C4AF6 /* Localizable.xcstrings in Resources */,
				AA135A527108673EB7EB4D72 /* PrivacyInfo.xcprivacy in Resources */,
				FB1F0825501BE7980F4DA6AC /* be-map.json in Resources */,
				ABDBD70EFC964EA0D71FAE9C /* be-place-search-index.json in Resources */,
				D7380314D326A515C568C551 /* be-source-regions.json in Resources */,
				2BBA5A9BA0446A86A6AC765E /* be-subdivisions.json in Resources */,
				F026C5E0EA0E394C5F4F7D82 /* countries.json in Resources */,
				9B327DF229BC538035AA79CE /* eg-map.json in Resources */,
				868FC94D7119122C64B18890 /* eg-place-search-index.json in Resources */,
				63B104417F2484D708AF3F1F /* eg-subdivisions.json in Resources */,
				78D9706EE3882E6D3BE83AB1 /* es-map.json in Resources */,
				D3A1B9ADC5BDB33393543E93 /* es-place-search-index.json in Resources */,
				2B6A5C524AC60A4927543B66 /* es-subdivisions.json in Resources */,
				ABA6531F58064270E4257E6F /* france-departments.json in Resources */,
				5AE911E2D9607239FE8C8739 /* france-map.json in Resources */,
				6C824B80871F3258D7F872DA /* france-place-search-index.json in Resources */,
				82967AD29DC9D63D9E1AD7E7 /* japan-map.json in Resources */,
				A702E1D865B0AA1730D683A5 /* japan-place-search-index.json in Resources */,
				4005AF0C0EE72F1D50B2D868 /* kr-map.json in Resources */,
				785D6D7FFECE44A08234AA66 /* kr-place-search-index.json in Resources */,
				0F6CC944D18A7B76FC6BB958 /* kr-subdivisions.json in Resources */,
				6A5B4D7B9985FB605F2A7A20 /* my-map.json in Resources */,
				79FB99856254C94F3C9B7185 /* my-place-search-index.json in Resources */,
				E02005221174C16D30924532 /* my-source-regions.json in Resources */,
				3DB51DB99523E8B014C14FC3 /* my-subdivisions.json in Resources */,
				EC420C5F26223C342B332BDB /* prefectures.json in Resources */,
				C350A745A140F98A6C496E96 /* sg-map.json in Resources */,
				2253DA1851D8E8DC34B4B505 /* sg-place-search-index.json in Resources */,
				1998A33F643F146FEE9A2622 /* sg-planning-areas.json in Resources */,
				D3E49ACB5F075EE01B1A4981 /* sg-source-regions.json in Resources */,
				D24326D76E24A2683A1B005B /* sg-subdivisions.json in Resources */,
				BC3CD912B025983AF9C21A8C /* th-map.json in Resources */,
				A4E4B39A5E61ABE526DCEE1A /* th-place-search-index.json in Resources */,
				BCA1BB955671E535993C7501 /* th-subdivisions.json in Resources */,
				6C29DED453844ED577804EA6 /* tr-map.json in Resources */,
				F7A2AFDA6E7D7F838AFD31F0 /* tr-place-search-index.json in Resources */,
				1B2E67C9419E65EEE31BD62B /* tr-subdivisions.json in Resources */,
				0B5C55E83D270EA4FC83CFD2 /* us-map.json in Resources */,
				00E0C09A9EC5BB90CFC3D190 /* us-place-search-index.json in Resources */,
				3C1B050D42480CA831161B68 /* us-source-regions.json in Resources */,
				8C1BCF8EA43B393972FF1427 /* us-subdivisions.json in Resources */,
				3B1063F5AB294789B9A3437B /* world-map.json in Resources */,
			);
			runOnlyForDeploymentPostprocessing = 0;
		};
/* End PBXResourcesBuildPhase section */

/* Begin PBXShellScriptBuildPhase section */
		676C3A06AE8607A26BC90D1F /* Validate external service configuration */ = {
			isa = PBXShellScriptBuildPhase;
			alwaysOutOfDate = 1;
			buildActionMask = 2147483647;
			files = (
			);
			inputFileListPaths = (
			);
			inputPaths = (
			);
			name = "Validate external service configuration";
			outputFileListPaths = (
			);
			outputPaths = (
			);
			runOnlyForDeploymentPostprocessing = 0;
			shellPath = /bin/sh;
			shellScript = "if [ \"$CONFIGURATION\" = \"Release\" ] && [ \"$ADS_ENABLED\" = \"YES\" ]; then\n  if [ -z \"$ADMOB_APP_ID\" ] || [ -z \"$ADMOB_BANNER_AD_UNIT_ID\" ]; then\n    echo \"error: ADS_ENABLED=YES requires ADMOB_APP_ID and ADMOB_BANNER_AD_UNIT_ID\"\n    exit 1\n  fi\nfi\n";
		};
/* End PBXShellScriptBuildPhase section */

/* Begin PBXSourcesBuildPhase section */
		05E18D989506B4FD5573E9E4 /* Sources */ = {
			isa = PBXSourcesBuildPhase;
			buildActionMask = 2147483647;
			files = (
				6E621D91AF54F8C6B960E314 /* AdEntitlementStore.swift in Sources */,
				1926D907B25997FF0FE95DAB /* AdMobConfiguration.swift in Sources */,
				0FC5ED1CE69068FE87037E71 /* AdMobConsentManager.swift in Sources */,
				03F216D8C3DAE6FA66919C7B /* AppConfiguration.swift in Sources */,
				889ED512F161ABFEE8429007 /* AppRoute.swift in Sources */,
				C23C6550AFF97FF5BC3A5443 /* AppState.swift in Sources */,
				A7BA67FD16684523F4377BA6 /* AppUpdatesView.swift in Sources */,
				19C7D369BE7AEB0269B242BD /* BannerAdContainer.swift in Sources */,
				422A7B5193CEFAD1E488B692 /* BannerAdView.swift in Sources */,
				439670840BEA5963AB804117 /* ColorviaApp.swift in Sources */,
				D8D14FF3F660F698C5DA97CA /* ColorviaTheme.swift in Sources */,
				33D50579A9AAC1515ADB75A0 /* ContactSupportView.swift in Sources */,
				F469535ABD213BA8DFD40884 /* Country.swift in Sources */,
				72796FBB384215C46A9D2274 /* CountryDetailView.swift in Sources */,
				5A08402A5DF3E925628C0019 /* CountryPickerView.swift in Sources */,
				B00B77DCE07C715B8AA88A28 /* CountrySubdivision.swift in Sources */,
				47DF61942BF18441C3FBEEE5 /* FileVisitStateRepository.swift in Sources */,
				3C33FDB4B479C3F6965227FE /* FranceDepartment.swift in Sources */,
				F34D1DFF27AE6FA0B0BB1663 /* FranceDepartmentListView.swift in Sources */,
				65F92FB9CA5946EADE21A0F5 /* FranceDetailView.swift in Sources */,
				2DBB3C7D89D861228E16A65C /* FranceMapScreen.swift in Sources */,
				608D0BC7BE3BECA5124DDC81 /* FranceShareSheet.swift in Sources */,
				1F686C743A52C07FF4B493F6 /* HomeView.swift in Sources */,
				12BF4945C7F025D171E8D1DC /* JapanDetailView.swift in Sources */,
				FF35AFC3E2E225E336580624 /* JapanMapScreen.swift in Sources */,
				62D276D830C799D14351FA3F /* JapanMapStore.swift in Sources */,
				CEDD8179EEF2CD96199C0A8E /* JapanMapView.swift in Sources */,
				5903E5F8BC59AF93449426C5 /* L10n.swift in Sources */,
				BBC3F5D0CC13CAC80A0E8388 /* LegalDocumentContent.swift in Sources */,
				EE538A79A0EC88793B5F8397 /* LegalDocumentView.swift in Sources */,
				44D90F32D84B9104EB974EC7 /* OnboardingView.swift in Sources */,
				944F69693C6E135D4205B1B9 /* PlaceSearch.swift in Sources */,
				2F0DFDE058D58746AA2312C8 /* Prefecture.swift in Sources */,
				E1A16FF6CEFF6950717CA547 /* PrefectureListView.swift in Sources */,
				3365FF2E48DBF5C690AA378E /* PurchaseManager.swift in Sources */,
				2C44FF20E6D4ED021C557D8C /* RootView.swift in Sources */,
				A5ADC63ADDE72D2C13CEF1DA /* SettingsView.swift in Sources */,
				A20716DCCEABC4F9C02980C1 /* StatisticsView.swift in Sources */,
				6AA1E4D692A3FAA30A9D24C9 /* SubdivisionCountryDetailView.swift in Sources */,
				C9B8772C926FAC3985ED0710 /* SubdivisionListView.swift in Sources */,
				AE1AFF988FAA2477F5B91203 /* SubdivisionMapScreen.swift in Sources */,
				C47E5C58AAB415459B07284B /* SubdivisionShareSheet.swift in Sources */,
				47285FC06CBDAD3469AC23B9 /* SupportAPIClient.swift in Sources */,
				065436C2D4CF3E5FB0187603 /* VisitDataDocument.swift in Sources */,
				47CB5430C115CC15A647DC3C /* WorldMapStore.swift in Sources */,
				B8CABB666298D49AC52FBCAF /* WorldMapView.swift in Sources */,
			);
			runOnlyForDeploymentPostprocessing = 0;
		};
		88E9A0EE1907E7A151390BEB /* Sources */ = {
			isa = PBXSourcesBuildPhase;
			buildActionMask = 2147483647;
			files = (
				AD996EB957EA05F2CF6ECE37 /* AppStoreScreenshotTests.swift in Sources */,
			);
			runOnlyForDeploymentPostprocessing = 0;
		};
		C183DB22B6BB66D953907096 /* Sources */ = {
			isa = PBXSourcesBuildPhase;
			buildActionMask = 2147483647;
			files = (
				B4D96BAD6715EFD4292A770C /* AppStateTests.swift in Sources */,
			);
			runOnlyForDeploymentPostprocessing = 0;
		};
/* End PBXSourcesBuildPhase section */

/* Begin PBXTargetDependency section */
		36478DB21752939601C661E1 /* PBXTargetDependency */ = {
			isa = PBXTargetDependency;
			target = 7E79EDC6BEB77A6B93C94113 /* Colorvia */;
			targetProxy = 0131876C3516FE71382DC12D /* PBXContainerItemProxy */;
		};
		68F063236BB5165B417A4E1E /* PBXTargetDependency */ = {
			isa = PBXTargetDependency;
			target = 7E79EDC6BEB77A6B93C94113 /* Colorvia */;
			targetProxy = EB468906DEC9C9E83EDA5360 /* PBXContainerItemProxy */;
		};
/* End PBXTargetDependency section */

/* Begin XCBuildConfiguration section */
		01ADF0E582A42543CA2CA03A /* Debug */ = {
			isa = XCBuildConfiguration;
			buildSettings = {
				BUNDLE_LOADER = "$(TEST_HOST)";
				LD_RUNPATH_SEARCH_PATHS = (
					"$(inherited)",
					"@executable_path/Frameworks",
					"@loader_path/Frameworks",
				);
				PRODUCT_BUNDLE_IDENTIFIER = io.tmkch.colorvia.uitests;
				SDKROOT = iphoneos;
				TARGETED_DEVICE_FAMILY = "1,2";
				TEST_TARGET_NAME = Colorvia;
			};
			name = Debug;
		};
		1564ACAFC03AF1675FA45C82 /* Release */ = {
			isa = XCBuildConfiguration;
			baseConfigurationReference = CCB17EA43F3D9C7DC090A8C2 /* Release.xcconfig */;
			buildSettings = {
				ALWAYS_SEARCH_USER_PATHS = NO;
				ASSETCATALOG_COMPILER_APPICON_NAME = AppIcon;
				CLANG_ANALYZER_NONNULL = YES;
				CLANG_ANALYZER_NUMBER_OBJECT_CONVERSION = YES_AGGRESSIVE;
				CLANG_CXX_LANGUAGE_STANDARD = "gnu++14";
				CLANG_CXX_LIBRARY = "libc++";
				CLANG_ENABLE_MODULES = YES;
				CLANG_ENABLE_OBJC_ARC = YES;
				CLANG_ENABLE_OBJC_WEAK = YES;
				CLANG_WARN_BLOCK_CAPTURE_AUTORELEASING = YES;
				CLANG_WARN_BOOL_CONVERSION = YES;
				CLANG_WARN_COMMA = YES;
				CLANG_WARN_CONSTANT_CONVERSION = YES;
				CLANG_WARN_DEPRECATED_OBJC_IMPLEMENTATIONS = YES;
				CLANG_WARN_DIRECT_OBJC_ISA_USAGE = YES_ERROR;
				CLANG_WARN_DOCUMENTATION_COMMENTS = YES;
				CLANG_WARN_EMPTY_BODY = YES;
				CLANG_WARN_ENUM_CONVERSION = YES;
				CLANG_WARN_INFINITE_RECURSION = YES;
				CLANG_WARN_INT_CONVERSION = YES;
				CLANG_WARN_NON_LITERAL_NULL_CONVERSION = YES;
				CLANG_WARN_OBJC_IMPLICIT_RETAIN_SELF = YES;
				CLANG_WARN_OBJC_LITERAL_CONVERSION = YES;
				CLANG_WARN_OBJC_ROOT_CLASS = YES_ERROR;
				CLANG_WARN_QUOTED_INCLUDE_IN_FRAMEWORK_HEADER = YES;
				CLANG_WARN_RANGE_LOOP_ANALYSIS = YES;
				CLANG_WARN_STRICT_PROTOTYPES = YES;
				CLANG_WARN_SUSPICIOUS_MOVE = YES;
				CLANG_WARN_UNGUARDED_AVAILABILITY = YES_AGGRESSIVE;
				CLANG_WARN_UNREACHABLE_CODE = YES;
				CLANG_WARN__DUPLICATE_METHOD_MATCH = YES;
				CODE_SIGN_STYLE = Automatic;
				COPY_PHASE_STRIP = NO;
				CURRENT_PROJECT_VERSION = 1;
				DEBUG_INFORMATION_FORMAT = "dwarf-with-dsym";
				DEVELOPMENT_TEAM = 7GU925RQ99;
				ENABLE_NS_ASSERTIONS = NO;
				ENABLE_STRICT_OBJC_MSGSEND = YES;
				GCC_C_LANGUAGE_STANDARD = gnu11;
				GCC_NO_COMMON_BLOCKS = YES;
				GCC_WARN_64_TO_32_BIT_CONVERSION = YES;
				GCC_WARN_ABOUT_RETURN_TYPE = YES_ERROR;
				GCC_WARN_UNDECLARED_SELECTOR = YES;
				GCC_WARN_UNINITIALIZED_AUTOS = YES_AGGRESSIVE;
				GCC_WARN_UNUSED_FUNCTION = YES;
				GCC_WARN_UNUSED_VARIABLE = YES;
				GENERATE_INFOPLIST_FILE = YES;
				INFOPLIST_KEY_CFBundleDisplayName = Colorvia;
				INFOPLIST_KEY_UIApplicationSceneManifest_Generation = YES;
				INFOPLIST_KEY_UIApplicationSupportsIndirectInputEvents = YES;
				INFOPLIST_KEY_UILaunchScreen_Generation = YES;
				INFOPLIST_KEY_UISupportedInterfaceOrientations_iPhone = UIInterfaceOrientationPortrait;
				IPHONEOS_DEPLOYMENT_TARGET = 18.0;
				MARKETING_VERSION = 1.0.1;
				MTL_ENABLE_DEBUG_INFO = NO;
				MTL_FAST_MATH = YES;
				PRODUCT_NAME = "$(TARGET_NAME)";
				SDKROOT = iphoneos;
				SWIFT_COMPILATION_MODE = wholemodule;
				SWIFT_OPTIMIZATION_LEVEL = "-O";
				SWIFT_VERSION = 6.0;
			};
			name = Release;
		};
		203D456F9A680A6C9E496B37 /* Debug */ = {
			isa = XCBuildConfiguration;
			buildSettings = {
				BUNDLE_LOADER = "$(TEST_HOST)";
				LD_RUNPATH_SEARCH_PATHS = (
					"$(inherited)",
					"@executable_path/Frameworks",
					"@loader_path/Frameworks",
				);
				PRODUCT_BUNDLE_IDENTIFIER = io.tmkch.colorvia.tests;
				SDKROOT = iphoneos;
				TARGETED_DEVICE_FAMILY = "1,2";
				TEST_HOST = "$(BUILT_PRODUCTS_DIR)/Colorvia.app/Colorvia";
			};
			name = Debug;
		};
		40A9E57C227F1A6309FF6010 /* Debug */ = {
			isa = XCBuildConfiguration;
			buildSettings = {
				ASSETCATALOG_COMPILER_APPICON_NAME = AppIcon;
				CODE_SIGN_ENTITLEMENTS = Colorvia/Colorvia.entitlements;
				CODE_SIGN_IDENTITY = "iPhone Developer";
				INFOPLIST_FILE = Colorvia/Info.plist;
				LD_RUNPATH_SEARCH_PATHS = (
					"$(inherited)",
					"@executable_path/Frameworks",
				);
				PRODUCT_BUNDLE_IDENTIFIER = io.tmkch.colorvia;
				SDKROOT = iphoneos;
				SUPPORTS_MAC_DESIGNED_FOR_IPHONE_IPAD = NO;
				TARGETED_DEVICE_FAMILY = 1;
			};
			name = Debug;
		};
		57E62DCC5B3B15FBCD2F2852 /* Release */ = {
			isa = XCBuildConfiguration;
			buildSettings = {
				BUNDLE_LOADER = "$(TEST_HOST)";
				LD_RUNPATH_SEARCH_PATHS = (
					"$(inherited)",
					"@executable_path/Frameworks",
					"@loader_path/Frameworks",
				);
				PRODUCT_BUNDLE_IDENTIFIER = io.tmkch.colorvia.tests;
				SDKROOT = iphoneos;
				TARGETED_DEVICE_FAMILY = "1,2";
				TEST_HOST = "$(BUILT_PRODUCTS_DIR)/Colorvia.app/Colorvia";
			};
			name = Release;
		};
		8DE343CC72C267880AD344E8 /* Debug */ = {
			isa = XCBuildConfiguration;
			baseConfigurationReference = 6DD5808B08F03B4BB193D0A1 /* Debug.xcconfig */;
			buildSettings = {
				ALWAYS_SEARCH_USER_PATHS = NO;
				ASSETCATALOG_COMPILER_APPICON_NAME = AppIcon;
				CLANG_ANALYZER_NONNULL = YES;
				CLANG_ANALYZER_NUMBER_OBJECT_CONVERSION = YES_AGGRESSIVE;
				CLANG_CXX_LANGUAGE_STANDARD = "gnu++14";
				CLANG_CXX_LIBRARY = "libc++";
				CLANG_ENABLE_MODULES = YES;
				CLANG_ENABLE_OBJC_ARC = YES;
				CLANG_ENABLE_OBJC_WEAK = YES;
				CLANG_WARN_BLOCK_CAPTURE_AUTORELEASING = YES;
				CLANG_WARN_BOOL_CONVERSION = YES;
				CLANG_WARN_COMMA = YES;
				CLANG_WARN_CONSTANT_CONVERSION = YES;
				CLANG_WARN_DEPRECATED_OBJC_IMPLEMENTATIONS = YES;
				CLANG_WARN_DIRECT_OBJC_ISA_USAGE = YES_ERROR;
				CLANG_WARN_DOCUMENTATION_COMMENTS = YES;
				CLANG_WARN_EMPTY_BODY = YES;
				CLANG_WARN_ENUM_CONVERSION = YES;
				CLANG_WARN_INFINITE_RECURSION = YES;
				CLANG_WARN_INT_CONVERSION = YES;
				CLANG_WARN_NON_LITERAL_NULL_CONVERSION = YES;
				CLANG_WARN_OBJC_IMPLICIT_RETAIN_SELF = YES;
				CLANG_WARN_OBJC_LITERAL_CONVERSION = YES;
				CLANG_WARN_OBJC_ROOT_CLASS = YES_ERROR;
				CLANG_WARN_QUOTED_INCLUDE_IN_FRAMEWORK_HEADER = YES;
				CLANG_WARN_RANGE_LOOP_ANALYSIS = YES;
				CLANG_WARN_STRICT_PROTOTYPES = YES;
				CLANG_WARN_SUSPICIOUS_MOVE = YES;
				CLANG_WARN_UNGUARDED_AVAILABILITY = YES_AGGRESSIVE;
				CLANG_WARN_UNREACHABLE_CODE = YES;
				CLANG_WARN__DUPLICATE_METHOD_MATCH = YES;
				CODE_SIGN_STYLE = Automatic;
				COPY_PHASE_STRIP = NO;
				CURRENT_PROJECT_VERSION = 1;
				DEBUG_INFORMATION_FORMAT = dwarf;
				DEVELOPMENT_TEAM = 7GU925RQ99;
				ENABLE_STRICT_OBJC_MSGSEND = YES;
				ENABLE_TESTABILITY = YES;
				GCC_C_LANGUAGE_STANDARD = gnu11;
				GCC_DYNAMIC_NO_PIC = NO;
				GCC_NO_COMMON_BLOCKS = YES;
				GCC_OPTIMIZATION_LEVEL = 0;
				GCC_PREPROCESSOR_DEFINITIONS = (
					"$(inherited)",
					"DEBUG=1",
				);
				GCC_WARN_64_TO_32_BIT_CONVERSION = YES;
				GCC_WARN_ABOUT_RETURN_TYPE = YES_ERROR;
				GCC_WARN_UNDECLARED_SELECTOR = YES;
				GCC_WARN_UNINITIALIZED_AUTOS = YES_AGGRESSIVE;
				GCC_WARN_UNUSED_FUNCTION = YES;
				GCC_WARN_UNUSED_VARIABLE = YES;
				GENERATE_INFOPLIST_FILE = YES;
				INFOPLIST_KEY_CFBundleDisplayName = Colorvia;
				INFOPLIST_KEY_UIApplicationSceneManifest_Generation = YES;
				INFOPLIST_KEY_UIApplicationSupportsIndirectInputEvents = YES;
				INFOPLIST_KEY_UILaunchScreen_Generation = YES;
				INFOPLIST_KEY_UISupportedInterfaceOrientations_iPhone = UIInterfaceOrientationPortrait;
				IPHONEOS_DEPLOYMENT_TARGET = 18.0;
				MARKETING_VERSION = 1.0.1;
				MTL_ENABLE_DEBUG_INFO = INCLUDE_SOURCE;
				MTL_FAST_MATH = YES;
				ONLY_ACTIVE_ARCH = YES;
				PRODUCT_NAME = "$(TARGET_NAME)";
				SDKROOT = iphoneos;
				SWIFT_ACTIVE_COMPILATION_CONDITIONS = DEBUG;
				SWIFT_OPTIMIZATION_LEVEL = "-Onone";
				SWIFT_VERSION = 6.0;
			};
			name = Debug;
		};
		B20C3ACA7066A7C64BF89A93 /* Release */ = {
			isa = XCBuildConfiguration;
			buildSettings = {
				ASSETCATALOG_COMPILER_APPICON_NAME = AppIcon;
				CODE_SIGN_ENTITLEMENTS = Colorvia/Colorvia.entitlements;
				CODE_SIGN_IDENTITY = "iPhone Developer";
				INFOPLIST_FILE = Colorvia/Info.plist;
				LD_RUNPATH_SEARCH_PATHS = (
					"$(inherited)",
					"@executable_path/Frameworks",
				);
				PRODUCT_BUNDLE_IDENTIFIER = io.tmkch.colorvia;
				SDKROOT = iphoneos;
				SUPPORTS_MAC_DESIGNED_FOR_IPHONE_IPAD = NO;
				TARGETED_DEVICE_FAMILY = 1;
			};
			name = Release;
		};
		C661E5B825D20036B08632E8 /* Release */ = {
			isa = XCBuildConfiguration;
			buildSettings = {
				BUNDLE_LOADER = "$(TEST_HOST)";
				LD_RUNPATH_SEARCH_PATHS = (
					"$(inherited)",
					"@executable_path/Frameworks",
					"@loader_path/Frameworks",
				);
				PRODUCT_BUNDLE_IDENTIFIER = io.tmkch.colorvia.uitests;
				SDKROOT = iphoneos;
				TARGETED_DEVICE_FAMILY = "1,2";
				TEST_TARGET_NAME = Colorvia;
			};
			name = Release;
		};
/* End XCBuildConfiguration section */

/* Begin XCConfigurationList section */
		3D3703E3F9C94622F389007B /* Build configuration list for PBXNativeTarget "ColorviaUITests" */ = {
			isa = XCConfigurationList;
			buildConfigurations = (
				01ADF0E582A42543CA2CA03A /* Debug */,
				C661E5B825D20036B08632E8 /* Release */,
			);
			defaultConfigurationIsVisible = 0;
			defaultConfigurationName = Debug;
		};
		6700EBAF2879D20E7923A0EA /* Build configuration list for PBXNativeTarget "Colorvia" */ = {
			isa = XCConfigurationList;
			buildConfigurations = (
				40A9E57C227F1A6309FF6010 /* Debug */,
				B20C3ACA7066A7C64BF89A93 /* Release */,
			);
			defaultConfigurationIsVisible = 0;
			defaultConfigurationName = Debug;
		};
		DB7B4E1E274F01DAAB26A049 /* Build configuration list for PBXNativeTarget "ColorviaTests" */ = {
			isa = XCConfigurationList;
			buildConfigurations = (
				203D456F9A680A6C9E496B37 /* Debug */,
				57E62DCC5B3B15FBCD2F2852 /* Release */,
			);
			defaultConfigurationIsVisible = 0;
			defaultConfigurationName = Debug;
		};
		FB78FBBD4E7CFAFAB3938A3C /* Build configuration list for PBXProject "Colorvia" */ = {
			isa = XCConfigurationList;
			buildConfigurations = (
				8DE343CC72C267880AD344E8 /* Debug */,
				1564ACAFC03AF1675FA45C82 /* Release */,
			);
			defaultConfigurationIsVisible = 0;
			defaultConfigurationName = Debug;
		};
/* End XCConfigurationList section */

/* Begin XCRemoteSwiftPackageReference section */
		F79A67B54F874C47B79A6E58 /* XCRemoteSwiftPackageReference "swift-package-manager-google-mobile-ads" */ = {
			isa = XCRemoteSwiftPackageReference;
			repositoryURL = "https://github.com/googleads/swift-package-manager-google-mobile-ads.git";
			requirement = {
				kind = upToNextMajorVersion;
				minimumVersion = 13.7.0;
			};
		};
/* End XCRemoteSwiftPackageReference section */

/* Begin XCSwiftPackageProductDependency section */
		652090FE541F80BFDD1E0FB8 /* GoogleMobileAds */ = {
			isa = XCSwiftPackageProductDependency;
			package = F79A67B54F874C47B79A6E58 /* XCRemoteSwiftPackageReference "swift-package-manager-google-mobile-ads" */;
			productName = GoogleMobileAds;
		};
/* End XCSwiftPackageProductDependency section */
	};
	rootObject = 432F661559AFFE726C767D24 /* Project object */;
}
